{
    "name": "f12",
    "version": "3.0.0",
    "lockfileVersion": 3,
    "requires": true,
    "packages": {
        "": {
            "name": "f12",
            "version": "3.0.0",
            "dependencies": {
                "@mantine/carousel": "7.3.1",
                "@mantine/code-highlight": "7.3.1",
                "@mantine/core": "7.3.1",
                "@mantine/hooks": "7.3.1",
                "@tabler/icons-react": "2.42.0",
                "@vercel/kv": "1.0.1",
                "@vercel/speed-insights": "^1.0.1",
                "embla-carousel-react": "7.1.0",
                "hjson": "3.2.2",
                "marked": "9.1.0",
                "next": "14.0.4",
                "react": "18.2.0",
                "react-dom": "18.2.0",
                "rss": "^1.2.2"
            }
        },
        "node_modules/@babel/runtime": {
            "version": "7.23.4",
            "resolved": "https://registry.npmjs.org/@babel/runtime/-/runtime-7.23.4.tgz",
            "integrity": "sha512-2Yv65nlWnWlSpe3fXEyX5i7fx5kIKo4Qbcj+hMO0odwaneFjfXw5fdum+4yL20O0QiaHpia0cYQ9xpNMqrBwHg==",
            "dependencies": {
                "regenerator-runtime": "^0.14.0"
            },
            "engines": {
                "node": ">=6.9.0"
            }
        },
        "node_modules/@floating-ui/core": {
            "version": "1.5.0",
            "resolved": "https://registry.npmjs.org/@floating-ui/core/-/core-1.5.0.tgz",
            "integrity": "sha512-kK1h4m36DQ0UHGj5Ah4db7R0rHemTqqO0QLvUqi1/mUUp3LuAWbWxdxSIf/XsnH9VS6rRVPLJCncjRzUvyCLXg==",
            "dependencies": {
                "@floating-ui/utils": "^0.1.3"
            }
        },
        "node_modules/@floating-ui/dom": {
            "version": "1.5.3",
            "resolved": "https://registry.npmjs.org/@floating-ui/dom/-/dom-1.5.3.tgz",
            "integrity": "sha512-ClAbQnEqJAKCJOEbbLo5IUlZHkNszqhuxS4fHAVxRPXPya6Ysf2G8KypnYcOTpx6I8xcgF9bbHb6g/2KpbV8qA==",
            "dependencies": {
                "@floating-ui/core": "^1.4.2",
                "@floating-ui/utils": "^0.1.3"
            }
        },
        "node_modules/@floating-ui/react": {
            "version": "0.24.8",
            "resolved": "https://registry.npmjs.org/@floating-ui/react/-/react-0.24.8.tgz",
            "integrity": "sha512-AuYeDoaR8jtUlUXtZ1IJ/6jtBkGnSpJXbGNzokBL87VDJ8opMq1Bgrc0szhK482ReQY6KZsMoZCVSb4xwalkBA==",
            "dependencies": {
                "@floating-ui/react-dom": "^2.0.1",
                "aria-hidden": "^1.2.3",
                "tabbable": "^6.0.1"
            },
            "peerDependencies": {
                "react": ">=16.8.0",
                "react-dom": ">=16.8.0"
            }
        },
        "node_modules/@floating-ui/react-dom": {
            "version": "2.0.4",
            "resolved": "https://registry.npmjs.org/@floating-ui/react-dom/-/react-dom-2.0.4.tgz",
            "integrity": "sha512-CF8k2rgKeh/49UrnIBs4BdxPUV6vize/Db1d/YbCLyp9GiVZ0BEwf5AiDSxJRCr6yOkGqTFHtmrULxkEfYZ7dQ==",
            "dependencies": {
                "@floating-ui/dom": "^1.5.1"
            },
            "peerDependencies": {
                "react": ">=16.8.0",
                "react-dom": ">=16.8.0"
            }
        },
        "node_modules/@floating-ui/utils": {
            "version": "0.1.6",
            "resolved": "https://registry.npmjs.org/@floating-ui/utils/-/utils-0.1.6.tgz",
            "integrity": "sha512-OfX7E2oUDYxtBvsuS4e/jSn4Q9Qb6DzgeYtsAdkPZ47znpoNsMgZw0+tVijiv3uGNR6dgNlty6r9rzIzHjtd/A=="
        },
        "node_modules/@mantine/carousel": {
            "version": "7.3.1",
            "resolved": "https://registry.npmjs.org/@mantine/carousel/-/carousel-7.3.1.tgz",
            "integrity": "sha512-63yQZTeePqVpc7jxXtDAKkBc+mAg1yi9X0D43p3M2G4hbe770sBJk9oWotem7IlR7kGlqAx2ri+YNGWUxqzv+g==",
            "peerDependencies": {
                "@mantine/core": "7.3.1",
                "@mantine/hooks": "7.3.1",
                "embla-carousel-react": ">=7.0.0",
                "react": "^18.2.0",
                "react-dom": "^18.2.0"
            }
        },
        "node_modules/@mantine/code-highlight": {
            "version": "7.3.1",
            "resolved": "https://registry.npmjs.org/@mantine/code-highlight/-/code-highlight-7.3.1.tgz",
            "integrity": "sha512-39hegsELSI2ZfQQDa3CjwU79Jo4kb4lru1AxUcU90p8c0Z09NDL/bDskzco4XWQyOpMQv+j4rm5FrsjNkFGg3A==",
            "dependencies": {
                "clsx": "2.0.0",
                "highlight.js": "^11.9.0"
            },
            "peerDependencies": {
                "@mantine/core": "7.3.1",
                "@mantine/hooks": "7.3.1",
                "react": "^18.2.0",
                "react-dom": "^18.2.0"
            }
        },
        "node_modules/@mantine/core": {
            "version": "7.3.1",
            "resolved": "https://registry.npmjs.org/@mantine/core/-/core-7.3.1.tgz",
            "integrity": "sha512-WIesapVzK1ERFcALuosaEPuODN/k/FGkryf2d12R7vsDmxmWqX6yNzPUoJDy6j20ueAkyyg4beJZ4PuZfCRW9Q==",
            "dependencies": {
                "@floating-ui/react": "^0.24.8",
                "clsx": "2.0.0",
                "react-number-format": "^5.3.1",
                "react-remove-scroll": "^2.5.7",
                "react-textarea-autosize": "8.5.3",
                "type-fest": "^3.13.1"
            },
            "peerDependencies": {
                "@mantine/hooks": "7.3.1",
                "react": "^18.2.0",
                "react-dom": "^18.2.0"
            }
        },
        "node_modules/@mantine/hooks": {
            "version": "7.3.1",
            "resolved": "https://registry.npmjs.org/@mantine/hooks/-/hooks-7.3.1.tgz",
            "integrity": "sha512-pbbqPpVou/13xbt/dYYNphPpbDE2XfPN9mUHBoGZgv9FM8IkziNMIOo4PtNlqqqYsyp1lfQIQVKKT+DLZt1C8Q==",
            "peerDependencies": {
                "react": "^18.2.0"
            }
        },
        "node_modules/@next/env": {
            "version": "14.0.4",
            "resolved": "https://registry.npmjs.org/@next/env/-/env-14.0.4.tgz",
            "integrity": "sha512-irQnbMLbUNQpP1wcE5NstJtbuA/69kRfzBrpAD7Gsn8zm/CY6YQYc3HQBz8QPxwISG26tIm5afvvVbu508oBeQ=="
        },
        "node_modules/@next/swc-darwin-arm64": {
            "version": "14.0.4",
            "resolved": "https://registry.npmjs.org/@next/swc-darwin-arm64/-/swc-darwin-arm64-14.0.4.tgz",
            "integrity": "sha512-mF05E/5uPthWzyYDyptcwHptucf/jj09i2SXBPwNzbgBNc+XnwzrL0U6BmPjQeOL+FiB+iG1gwBeq7mlDjSRPg==",
            "cpu": [
                "arm64"
            ],
            "optional": true,
            "os": [
                "darwin"
            ],
            "engines": {
                "node": ">= 10"
            }
        },
        "node_modules/@next/swc-darwin-x64": {
            "version": "14.0.4",
            "resolved": "https://registry.npmjs.org/@next/swc-darwin-x64/-/swc-darwin-x64-14.0.4.tgz",
            "integrity": "sha512-IZQ3C7Bx0k2rYtrZZxKKiusMTM9WWcK5ajyhOZkYYTCc8xytmwSzR1skU7qLgVT/EY9xtXDG0WhY6fyujnI3rw==",
            "cpu": [
                "x64"
            ],
            "optional": true,
            "os": [
                "darwin"
            ],
            "engines": {
                "node": ">= 10"
            }
        },
        "node_modules/@next/swc-linux-arm64-gnu": {
            "version": "14.0.4",
            "resolved": "https://registry.npmjs.org/@next/swc-linux-arm64-gnu/-/swc-linux-arm64-gnu-14.0.4.tgz",
            "integrity": "sha512-VwwZKrBQo/MGb1VOrxJ6LrKvbpo7UbROuyMRvQKTFKhNaXjUmKTu7wxVkIuCARAfiI8JpaWAnKR+D6tzpCcM4w==",
            "cpu": [
                "arm64"
            ],
            "optional": true,
            "os": [
                "linux"
            ],
            "engines": {
                "node": ">= 10"
            }
        },
        "node_modules/@next/swc-linux-arm64-musl": {
            "version": "14.0.4",
            "resolved": "https://registry.npmjs.org/@next/swc-linux-arm64-musl/-/swc-linux-arm64-musl-14.0.4.tgz",
            "integrity": "sha512-8QftwPEW37XxXoAwsn+nXlodKWHfpMaSvt81W43Wh8dv0gkheD+30ezWMcFGHLI71KiWmHK5PSQbTQGUiidvLQ==",
            "cpu": [
                "arm64"
            ],
            "optional": true,
            "os": [
                "linux"
            ],
            "engines": {
                "node": ">= 10"
            }
        },
        "node_modules/@next/swc-linux-x64-gnu": {
            "version": "14.0.4",
            "resolved": "https://registry.npmjs.org/@next/swc-linux-x64-gnu/-/swc-linux-x64-gnu-14.0.4.tgz",
            "integrity": "sha512-/s/Pme3VKfZAfISlYVq2hzFS8AcAIOTnoKupc/j4WlvF6GQ0VouS2Q2KEgPuO1eMBwakWPB1aYFIA4VNVh667A==",
            "cpu": [
                "x64"
            ],
            "optional": true,
            "os": [
                "linux"
            ],
            "engines": {
                "node": ">= 10"
            }
        },
        "node_modules/@next/swc-linux-x64-musl": {
            "version": "14.0.4",
            "resolved": "https://registry.npmjs.org/@next/swc-linux-x64-musl/-/swc-linux-x64-musl-14.0.4.tgz",
            "integrity": "sha512-m8z/6Fyal4L9Bnlxde5g2Mfa1Z7dasMQyhEhskDATpqr+Y0mjOBZcXQ7G5U+vgL22cI4T7MfvgtrM2jdopqWaw==",
            "cpu": [
                "x64"
            ],
            "optional": true,
            "os": [
                "linux"
            ],
            "engines": {
                "node": ">= 10"
            }
        },
        "node_modules/@next/swc-win32-arm64-msvc": {
            "version": "14.0.4",
            "resolved": "https://registry.npmjs.org/@next/swc-win32-arm64-msvc/-/swc-win32-arm64-msvc-14.0.4.tgz",
            "integrity": "sha512-7Wv4PRiWIAWbm5XrGz3D8HUkCVDMMz9igffZG4NB1p4u1KoItwx9qjATHz88kwCEal/HXmbShucaslXCQXUM5w==",
            "cpu": [
                "arm64"
            ],
            "optional": true,
            "os": [
                "win32"
            ],
            "engines": {
                "node": ">= 10"
            }
        },
        "node_modules/@next/swc-win32-ia32-msvc": {
            "version": "14.0.4",
            "resolved": "https://registry.npmjs.org/@next/swc-win32-ia32-msvc/-/swc-win32-ia32-msvc-14.0.4.tgz",
            "integrity": "sha512-zLeNEAPULsl0phfGb4kdzF/cAVIfaC7hY+kt0/d+y9mzcZHsMS3hAS829WbJ31DkSlVKQeHEjZHIdhN+Pg7Gyg==",
            "cpu": [
                "ia32"
            ],
            "optional": true,
            "os": [
                "win32"
            ],
            "engines": {
                "node": ">= 10"
            }
        },
        "node_modules/@next/swc-win32-x64-msvc": {
            "version": "14.0.4",
            "resolved": "https://registry.npmjs.org/@next/swc-win32-x64-msvc/-/swc-win32-x64-msvc-14.0.4.tgz",
            "integrity": "sha512-yEh2+R8qDlDCjxVpzOTEpBLQTEFAcP2A8fUFLaWNap9GitYKkKv1//y2S6XY6zsR4rCOPRpU7plYDR+az2n30A==",
            "cpu": [
                "x64"
            ],
            "optional": true,
            "os": [
                "win32"
            ],
            "engines": {
                "node": ">= 10"
            }
        },
        "node_modules/@swc/helpers": {
            "version": "0.5.2",
            "resolved": "https://registry.npmjs.org/@swc/helpers/-/helpers-0.5.2.tgz",
            "integrity": "sha512-E4KcWTpoLHqwPHLxidpOqQbcrZVgi0rsmmZXUle1jXmJfuIf/UWpczUJ7MZZ5tlxytgJXyp0w4PGkkeLiuIdZw==",
            "dependencies": {
                "tslib": "^2.4.0"
            }
        },
        "node_modules/@tabler/icons": {
            "version": "2.42.0",
            "resolved": "https://registry.npmjs.org/@tabler/icons/-/icons-2.42.0.tgz",
            "integrity": "sha512-ynV4iaC1c1mUhuAr9HRaoq8KrWYmZ0bJEpOh7qTBE+OfdDsdvQUe+0S7FW+DHkJ4RuxQMdO8djrZK7HrUw9YMA==",
            "funding": {
                "type": "github",
                "url": "https://github.com/sponsors/codecalm"
            }
        },
        "node_modules/@tabler/icons-react": {
            "version": "2.42.0",
            "resolved": "https://registry.npmjs.org/@tabler/icons-react/-/icons-react-2.42.0.tgz",
            "integrity": "sha512-2APr++u24P2mx9vJymJQJORRpu2Qej0rPrtAvgXu8YomHjLXVP+O1VtToSGyoSPH1ysA569XbxrwzOau9Ne12A==",
            "dependencies": {
                "@tabler/icons": "2.42.0",
                "prop-types": "^15.7.2"
            },
            "funding": {
                "type": "github",
                "url": "https://github.com/sponsors/codecalm"
            },
            "peerDependencies": {
                "react": "^16.5.1 || ^17.0.0 || ^18.0.0"
            }
        },
        "node_modules/@upstash/redis": {
            "version": "1.25.1",
            "resolved": "https://registry.npmjs.org/@upstash/redis/-/redis-1.25.1.tgz",
            "integrity": "sha512-ACj0GhJ4qrQyBshwFgPod6XufVEfKX2wcaihsEvSdLYnY+m+pa13kGt1RXm/yTHKf4TQi/Dy2A8z/y6WUEOmlg==",
            "dependencies": {
                "crypto-js": "^4.2.0"
            }
        },
        "node_modules/@vercel/kv": {
            "version": "1.0.1",
            "resolved": "https://registry.npmjs.org/@vercel/kv/-/kv-1.0.1.tgz",
            "integrity": "sha512-uTKddsqVYS2GRAM/QMNNXCTuw9N742mLoGRXoNDcyECaxEXvIHG0dEY+ZnYISV4Vz534VwJO+64fd9XeSggSKw==",
            "dependencies": {
                "@upstash/redis": "1.25.1"
            },
            "engines": {
                "node": ">=14.6"
            }
        },
        "node_modules/@vercel/speed-insights": {
            "version": "1.0.1",
            "resolved": "https://registry.npmjs.org/@vercel/speed-insights/-/speed-insights-1.0.1.tgz",
            "integrity": "sha512-cm8KTTsDgS1AbWsgIEZuMoyPUjclzeqJihyLp0tnA21B/x9iTE8hu2S5zM+/DBzihuHxWL1dx9pCWk22ctMFWQ==",
            "hasInstallScript": true
        },
        "node_modules/aria-hidden": {
            "version": "1.2.3",
            "resolved": "https://registry.npmjs.org/aria-hidden/-/aria-hidden-1.2.3.tgz",
            "integrity": "sha512-xcLxITLe2HYa1cnYnwCjkOO1PqUHQpozB8x9AR0OgWN2woOBi5kSDVxKfd0b7sb1hw5qFeJhXm9H1nu3xSfLeQ==",
            "dependencies": {
                "tslib": "^2.0.0"
            },
            "engines": {
                "node": ">=10"
            }
        },
        "node_modules/busboy": {
            "version": "1.6.0",
            "resolved": "https://registry.npmjs.org/busboy/-/busboy-1.6.0.tgz",
            "integrity": "sha512-8SFQbg/0hQ9xy3UNTB0YEnsNBbWfhf7RtnzpL7TkBiTBRfrQ9Fxcnz7VJsleJpyp6rVLvXiuORqjlHi5q+PYuA==",
            "dependencies": {
                "streamsearch": "^1.1.0"
            },
            "engines": {
                "node": ">=10.16.0"
            }
        },
        "node_modules/caniuse-lite": {
            "version": "1.0.30001527",
            "resolved": "https://registry.npmjs.org/caniuse-lite/-/caniuse-lite-1.0.30001527.tgz",
            "integrity": "sha512-YkJi7RwPgWtXVSgK4lG9AHH57nSzvvOp9MesgXmw4Q7n0C3H04L0foHqfxcmSAm5AcWb8dW9AYj2tR7/5GnddQ==",
            "funding": [
                {
                    "type": "opencollective",
                    "url": "https://opencollective.com/browserslist"
                },
                {
                    "type": "tidelift",
                    "url": "https://tidelift.com/funding/github/npm/caniuse-lite"
                },
                {
                    "type": "github",
                    "url": "https://github.com/sponsors/ai"
                }
            ]
        },
        "node_modules/client-only": {
            "version": "0.0.1",
            "resolved": "https://registry.npmjs.org/client-only/-/client-only-0.0.1.tgz",
            "integrity": "sha512-IV3Ou0jSMzZrd3pZ48nLkT9DA7Ag1pnPzaiQhpW7c3RbcqqzvzzVu+L8gfqMp/8IM2MQtSiqaCxrrcfu8I8rMA=="
        },
        "node_modules/clsx": {
            "version": "2.0.0",
            "resolved": "https://registry.npmjs.org/clsx/-/clsx-2.0.0.tgz",
            "integrity": "sha512-rQ1+kcj+ttHG0MKVGBUXwayCCF1oh39BF5COIpRzuCEv8Mwjv0XucrI2ExNTOn9IlLifGClWQcU9BrZORvtw6Q==",
            "engines": {
                "node": ">=6"
            }
        },
        "node_modules/crypto-js": {
            "version": "4.2.0",
            "resolved": "https://registry.npmjs.org/crypto-js/-/crypto-js-4.2.0.tgz",
            "integrity": "sha512-KALDyEYgpY+Rlob/iriUtjV6d5Eq+Y191A5g4UqLAi8CyGP9N1+FdVbkc1SxKc2r4YAYqG8JzO2KGL+AizD70Q=="
        },
        "node_modules/detect-node-es": {
            "version": "1.1.0",
            "resolved": "https://registry.npmjs.org/detect-node-es/-/detect-node-es-1.1.0.tgz",
            "integrity": "sha512-ypdmJU/TbBby2Dxibuv7ZLW3Bs1QEmM7nHjEANfohJLvE0XVujisn1qPJcZxg+qDucsr+bP6fLD1rPS3AhJ7EQ=="
        },
        "node_modules/embla-carousel": {
            "version": "7.1.0",
            "resolved": "https://registry.npmjs.org/embla-carousel/-/embla-carousel-7.1.0.tgz",
            "integrity": "sha512-Bh8Pa8NWzgugLkf8sAGexQlBCNDFaej5BXiKgQdRJ1mUC9NWBrw9Z23YVPVGkguWoz5LMjZXXFVGCobl3UPt/Q=="
        },
        "node_modules/embla-carousel-react": {
            "version": "7.1.0",
            "resolved": "https://registry.npmjs.org/embla-carousel-react/-/embla-carousel-react-7.1.0.tgz",
            "integrity": "sha512-tbYRPRZSDNd2QLNqYDcArAakGIxtUbhS7tkP0dGXktXHGgcX+3ji3VrOUTOftBiujZrMV8kRxtrRUe/1soloIQ==",
            "dependencies": {
                "embla-carousel": "7.1.0"
            },
            "peerDependencies": {
                "react": "^16.8.0 || ^17.0.1 || ^18.0.0"
            }
        },
        "node_modules/get-nonce": {
            "version": "1.0.1",
            "resolved": "https://registry.npmjs.org/get-nonce/-/get-nonce-1.0.1.tgz",
            "integrity": "sha512-FJhYRoDaiatfEkUK8HKlicmu/3SGFD51q3itKDGoSTysQJBnfOcxU5GxnhE1E6soB76MbT0MBtnKJuXyAx+96Q==",
            "engines": {
                "node": ">=6"
            }
        },
        "node_modules/glob-to-regexp": {
            "version": "0.4.1",
            "resolved": "https://registry.npmjs.org/glob-to-regexp/-/glob-to-regexp-0.4.1.tgz",
            "integrity": "sha512-lkX1HJXwyMcprw/5YUZc2s7DrpAiHB21/V+E1rHUrVNokkvB6bqMzT0VfV6/86ZNabt1k14YOIaT7nDvOX3Iiw=="
        },
        "node_modules/graceful-fs": {
            "version": "4.2.11",
            "resolved": "https://registry.npmjs.org/graceful-fs/-/graceful-fs-4.2.11.tgz",
            "integrity": "sha512-RbJ5/jmFcNNCcDV5o9eTnBLJ/HszWV0P73bc+Ff4nS/rJj+YaS6IGyiOL0VoBYX+l1Wrl3k63h/KrH+nhJ0XvQ=="
        },
        "node_modules/highlight.js": {
            "version": "11.9.0",
            "resolved": "https://registry.npmjs.org/highlight.js/-/highlight.js-11.9.0.tgz",
            "integrity": "sha512-fJ7cW7fQGCYAkgv4CPfwFHrfd/cLS4Hau96JuJ+ZTOWhjnhoeN1ub1tFmALm/+lW5z4WCAuAV9bm05AP0mS6Gw==",
            "engines": {
                "node": ">=12.0.0"
            }
        },
        "node_modules/hjson": {
            "version": "3.2.2",
            "resolved": "https://registry.npmjs.org/hjson/-/hjson-3.2.2.tgz",
            "integrity": "sha512-MkUeB0cTIlppeSsndgESkfFD21T2nXPRaBStLtf3cAYA2bVEFdXlodZB0TukwZiobPD1Ksax5DK4RTZeaXCI3Q==",
            "bin": {
                "hjson": "bin/hjson"
            }
        },
        "node_modules/invariant": {
            "version": "2.2.4",
            "resolved": "https://registry.npmjs.org/invariant/-/invariant-2.2.4.tgz",
            "integrity": "sha512-phJfQVBuaJM5raOpJjSfkiD6BpbCE4Ns//LaXl6wGYtUBY83nWS6Rf9tXm2e8VaK60JEjYldbPif/A2B1C2gNA==",
            "dependencies": {
                "loose-envify": "^1.0.0"
            }
        },
        "node_modules/js-tokens": {
            "version": "4.0.0",
            "resolved": "https://registry.npmjs.org/js-tokens/-/js-tokens-4.0.0.tgz",
            "integrity": "sha512-RdJUflcE3cUzKiMqQgsCu06FPu9UdIJO0beYbPhHN4k6apgJtifcoCtT9bcxOpYBtpD2kCM6Sbzg4CausW/PKQ=="
        },
        "node_modules/loose-envify": {
            "version": "1.4.0",
            "resolved": "https://registry.npmjs.org/loose-envify/-/loose-envify-1.4.0.tgz",
            "integrity": "sha512-lyuxPGr/Wfhrlem2CL/UcnUc1zcqKAImBDzukY7Y5F/yQiNdko6+fRLevlw1HgMySw7f611UIY408EtxRSoK3Q==",
            "dependencies": {
                "js-tokens": "^3.0.0 || ^4.0.0"
            },
            "bin": {
                "loose-envify": "cli.js"
            }
        },
        "node_modules/marked": {
            "version": "9.1.0",
            "resolved": "https://registry.npmjs.org/marked/-/marked-9.1.0.tgz",
            "integrity": "sha512-VZjm0PM5DMv7WodqOUps3g6Q7dmxs9YGiFUZ7a2majzQTTCgX+6S6NAJHPvOhgFBzYz8s4QZKWWMfZKFmsfOgA==",
            "bin": {
                "marked": "bin/marked.js"
            },
            "engines": {
                "node": ">= 16"
            }
        },
        "node_modules/mime-db": {
            "version": "1.25.0",
            "resolved": "https://registry.npmjs.org/mime-db/-/mime-db-1.25.0.tgz",
            "integrity": "sha512-5k547tI4Cy+Lddr/hdjNbBEWBwSl8EBc5aSdKvedav8DReADgWJzcYiktaRIw3GtGC1jjwldXtTzvqJZmtvC7w==",
            "engines": {
                "node": ">= 0.6"
            }
        },
        "node_modules/mime-types": {
            "version": "2.1.13",
            "resolved": "https://registry.npmjs.org/mime-types/-/mime-types-2.1.13.tgz",
            "integrity": "sha512-ryBDp1Z/6X90UvjUK3RksH0IBPM137T7cmg4OgD5wQBojlAiUwuok0QeELkim/72EtcYuNlmbkrcGuxj3Kl0YQ==",
            "dependencies": {
                "mime-db": "~1.25.0"
            },
            "engines": {
                "node": ">= 0.6"
            }
        },
        "node_modules/nanoid": {
            "version": "3.3.6",
            "resolved": "https://registry.npmjs.org/nanoid/-/nanoid-3.3.6.tgz",
            "integrity": "sha512-BGcqMMJuToF7i1rt+2PWSNVnWIkGCU78jBG3RxO/bZlnZPK2Cmi2QaffxGO/2RvWi9sL+FAiRiXMgsyxQ1DIDA==",
            "funding": [
                {
                    "type": "github",
                    "url": "https://github.com/sponsors/ai"
                }
            ],
            "bin": {
                "nanoid": "bin/nanoid.cjs"
            },
            "engines": {
                "node": "^10 || ^12 || ^13.7 || ^14 || >=15.0.1"
            }
        },
        "node_modules/next": {
            "version": "14.0.4",
            "resolved": "https://registry.npmjs.org/next/-/next-14.0.4.tgz",
            "integrity": "sha512-qbwypnM7327SadwFtxXnQdGiKpkuhaRLE2uq62/nRul9cj9KhQ5LhHmlziTNqUidZotw/Q1I9OjirBROdUJNgA==",
            "dependencies": {
                "@next/env": "14.0.4",
                "@swc/helpers": "0.5.2",
                "busboy": "1.6.0",
                "caniuse-lite": "^1.0.30001406",
                "graceful-fs": "^4.2.11",
                "postcss": "8.4.31",
                "styled-jsx": "5.1.1",
                "watchpack": "2.4.0"
            },
            "bin": {
                "next": "dist/bin/next"
            },
            "engines": {
                "node": ">=18.17.0"
            },
            "optionalDependencies": {
                "@next/swc-darwin-arm64": "14.0.4",
                "@next/swc-darwin-x64": "14.0.4",
                "@next/swc-linux-arm64-gnu": "14.0.4",
                "@next/swc-linux-arm64-musl": "14.0.4",
                "@next/swc-linux-x64-gnu": "14.0.4",
                "@next/swc-linux-x64-musl": "14.0.4",
                "@next/swc-win32-arm64-msvc": "14.0.4",
                "@next/swc-win32-ia32-msvc": "14.0.4",
                "@next/swc-win32-x64-msvc": "14.0.4"
            },
            "peerDependencies": {
                "@opentelemetry/api": "^1.1.0",
                "react": "^18.2.0",
                "react-dom": "^18.2.0",
                "sass": "^1.3.0"
            },
            "peerDependenciesMeta": {
                "@opentelemetry/api": {
                    "optional": true
                },
                "sass": {
                    "optional": true
                }
            }
        },
        "node_modules/object-assign": {
            "version": "4.1.1",
            "resolved": "https://registry.npmjs.org/object-assign/-/object-assign-4.1.1.tgz",
            "integrity": "sha512-rJgTQnkUnH1sFw8yT6VSU3zD3sWmu6sZhIseY8VX+GRu3P6F7Fu+JNDoXfklElbLJSnc3FUQHVe4cU5hj+BcUg==",
            "engines": {
                "node": ">=0.10.0"
            }
        },
        "node_modules/picocolors": {
            "version": "1.0.0",
            "resolved": "https://registry.npmjs.org/picocolors/-/picocolors-1.0.0.tgz",
            "integrity": "sha512-1fygroTLlHu66zi26VoTDv8yRgm0Fccecssto+MhsZ0D/DGW2sm8E8AjW7NU5VVTRt5GxbeZ5qBuJr+HyLYkjQ=="
        },
        "node_modules/postcss": {
            "version": "8.4.31",
            "resolved": "https://registry.npmjs.org/postcss/-/postcss-8.4.31.tgz",
            "integrity": "sha512-PS08Iboia9mts/2ygV3eLpY5ghnUcfLV/EXTOW1E2qYxJKGGBUtNjN76FYHnMs36RmARn41bC0AZmn+rR0OVpQ==",
            "funding": [
                {
                    "type": "opencollective",
                    "url": "https://opencollective.com/postcss/"
                },
                {
                    "type": "tidelift",
                    "url": "https://tidelift.com/funding/github/npm/postcss"
                },
                {
                    "type": "github",
                    "url": "https://github.com/sponsors/ai"
                }
            ],
            "dependencies": {
                "nanoid": "^3.3.6",
                "picocolors": "^1.0.0",
                "source-map-js": "^1.0.2"
            },
            "engines": {
                "node": "^10 || ^12 || >=14"
            }
        },
        "node_modules/prop-types": {
            "version": "15.8.1",
            "resolved": "https://registry.npmjs.org/prop-types/-/prop-types-15.8.1.tgz",
            "integrity": "sha512-oj87CgZICdulUohogVAR7AjlC0327U4el4L6eAvOqCeudMDVU0NThNaV+b9Df4dXgSP1gXMTnPdhfe/2qDH5cg==",
            "dependencies": {
                "loose-envify": "^1.4.0",
                "object-assign": "^4.1.1",
                "react-is": "^16.13.1"
            }
        },
        "node_modules/react": {
            "version": "18.2.0",
            "resolved": "https://registry.npmjs.org/react/-/react-18.2.0.tgz",
            "integrity": "sha512-/3IjMdb2L9QbBdWiW5e3P2/npwMBaU9mHCSCUzNln0ZCYbcfTsGbTJrU/kGemdH2IWmB2ioZ+zkxtmq6g09fGQ==",
            "dependencies": {
                "loose-envify": "^1.1.0"
            },
            "engines": {
                "node": ">=0.10.0"
            }
        },
        "node_modules/react-dom": {
            "version": "18.2.0",
            "resolved": "https://registry.npmjs.org/react-dom/-/react-dom-18.2.0.tgz",
            "integrity": "sha512-6IMTriUmvsjHUjNtEDudZfuDQUoWXVxKHhlEGSk81n4YFS+r/Kl99wXiwlVXtPBtJenozv2P+hxDsw9eA7Xo6g==",
            "dependencies": {
                "loose-envify": "^1.1.0",
                "scheduler": "^0.23.0"
            },
            "peerDependencies": {
                "react": "^18.2.0"
            }
        },
        "node_modules/react-is": {
            "version": "16.13.1",
            "resolved": "https://registry.npmjs.org/react-is/-/react-is-16.13.1.tgz",
            "integrity": "sha512-24e6ynE2H+OKt4kqsOvNd8kBpV65zoxbA4BVsEOB3ARVWQki/DHzaUoC5KuON/BiccDaCCTZBuOcfZs70kR8bQ=="
        },
        "node_modules/react-number-format": {
            "version": "5.3.1",
            "resolved": "https://registry.npmjs.org/react-number-format/-/react-number-format-5.3.1.tgz",
            "integrity": "sha512-qpYcQLauIeEhCZUZY9jXZnnroOtdy3jYaS1zQ3M1Sr6r/KMOBEIGNIb7eKT19g2N1wbYgFgvDzs19hw5TrB8XQ==",
            "dependencies": {
                "prop-types": "^15.7.2"
            },
            "peerDependencies": {
                "react": "^0.14 || ^15.0.0 || ^16.0.0 || ^17.0.0 || ^18.0.0",
                "react-dom": "^0.14 || ^15.0.0 || ^16.0.0 || ^17.0.0 || ^18.0.0"
            }
        },
        "node_modules/react-remove-scroll": {
            "version": "2.5.7",
            "resolved": "https://registry.npmjs.org/react-remove-scroll/-/react-remove-scroll-2.5.7.tgz",
            "integrity": "sha512-FnrTWO4L7/Bhhf3CYBNArEG/yROV0tKmTv7/3h9QCFvH6sndeFf1wPqOcbFVu5VAulS5dV1wGT3GZZ/1GawqiA==",
            "dependencies": {
                "react-remove-scroll-bar": "^2.3.4",
                "react-style-singleton": "^2.2.1",
                "tslib": "^2.1.0",
                "use-callback-ref": "^1.3.0",
                "use-sidecar": "^1.1.2"
            },
            "engines": {
                "node": ">=10"
            },
            "peerDependencies": {
                "@types/react": "^16.8.0 || ^17.0.0 || ^18.0.0",
                "react": "^16.8.0 || ^17.0.0 || ^18.0.0"
            },
            "peerDependenciesMeta": {
                "@types/react": {
                    "optional": true
                }
            }
        },
        "node_modules/react-remove-scroll-bar": {
            "version": "2.3.4",
            "resolved": "https://registry.npmjs.org/react-remove-scroll-bar/-/react-remove-scroll-bar-2.3.4.tgz",
            "integrity": "sha512-63C4YQBUt0m6ALadE9XV56hV8BgJWDmmTPY758iIJjfQKt2nYwoUrPk0LXRXcB/yIj82T1/Ixfdpdk68LwIB0A==",
            "dependencies": {
                "react-style-singleton": "^2.2.1",
                "tslib": "^2.0.0"
            },
            "engines": {
                "node": ">=10"
            },
            "peerDependencies": {
                "@types/react": "^16.8.0 || ^17.0.0 || ^18.0.0",
                "react": "^16.8.0 || ^17.0.0 || ^18.0.0"
            },
            "peerDependenciesMeta": {
                "@types/react": {
                    "optional": true
                }
            }
        },
        "node_modules/react-style-singleton": {
            "version": "2.2.1",
            "resolved": "https://registry.npmjs.org/react-style-singleton/-/react-style-singleton-2.2.1.tgz",
            "integrity": "sha512-ZWj0fHEMyWkHzKYUr2Bs/4zU6XLmq9HsgBURm7g5pAVfyn49DgUiNgY2d4lXRlYSiCif9YBGpQleewkcqddc7g==",
            "dependencies": {
                "get-nonce": "^1.0.0",
                "invariant": "^2.2.4",
                "tslib": "^2.0.0"
            },
            "engines": {
                "node": ">=10"
            },
            "peerDependencies": {
                "@types/react": "^16.8.0 || ^17.0.0 || ^18.0.0",
                "react": "^16.8.0 || ^17.0.0 || ^18.0.0"
            },
            "peerDependenciesMeta": {
                "@types/react": {
                    "optional": true
                }
            }
        },
        "node_modules/react-textarea-autosize": {
            "version": "8.5.3",
            "resolved": "https://registry.npmjs.org/react-textarea-autosize/-/react-textarea-autosize-8.5.3.tgz",
            "integrity": "sha512-XT1024o2pqCuZSuBt9FwHlaDeNtVrtCXu0Rnz88t1jUGheCLa3PhjE1GH8Ctm2axEtvdCl5SUHYschyQ0L5QHQ==",
            "dependencies": {
                "@babel/runtime": "^7.20.13",
                "use-composed-ref": "^1.3.0",
                "use-latest": "^1.2.1"
            },
            "engines": {
                "node": ">=10"
            },
            "peerDependencies": {
                "react": "^16.8.0 || ^17.0.0 || ^18.0.0"
            }
        },
        "node_modules/regenerator-runtime": {
            "version": "0.14.0",
            "resolved": "https://registry.npmjs.org/regenerator-runtime/-/regenerator-runtime-0.14.0.tgz",
            "integrity": "sha512-srw17NI0TUWHuGa5CFGGmhfNIeja30WMBfbslPNhf6JrqQlLN5gcrvig1oqPxiVaXb0oW0XRKtH6Nngs5lKCIA=="
        },
        "node_modules/rss": {
            "version": "1.2.2",
            "resolved": "https://registry.npmjs.org/rss/-/rss-1.2.2.tgz",
            "integrity": "sha512-xUhRTgslHeCBeHAqaWSbOYTydN2f0tAzNXvzh3stjz7QDhQMzdgHf3pfgNIngeytQflrFPfy6axHilTETr6gDg==",
            "dependencies": {
                "mime-types": "2.1.13",
                "xml": "1.0.1"
            }
        },
        "node_modules/scheduler": {
            "version": "0.23.0",
            "resolved": "https://registry.npmjs.org/scheduler/-/scheduler-0.23.0.tgz",
            "integrity": "sha512-CtuThmgHNg7zIZWAXi3AsyIzA3n4xx7aNyjwC2VJldO2LMVDhFK+63xGqq6CsJH4rTAt6/M+N4GhZiDYPx9eUw==",
            "dependencies": {
                "loose-envify": "^1.1.0"
            }
        },
        "node_modules/source-map-js": {
            "version": "1.0.2",
            "resolved": "https://registry.npmjs.org/source-map-js/-/source-map-js-1.0.2.tgz",
            "integrity": "sha512-R0XvVJ9WusLiqTCEiGCmICCMplcCkIwwR11mOSD9CR5u+IXYdiseeEuXCVAjS54zqwkLcPNnmU4OeJ6tUrWhDw==",
            "engines": {
                "node": ">=0.10.0"
            }
        },
        "node_modules/streamsearch": {
            "version": "1.1.0",
            "resolved": "https://registry.npmjs.org/streamsearch/-/streamsearch-1.1.0.tgz",
            "integrity": "sha512-Mcc5wHehp9aXz1ax6bZUyY5afg9u2rv5cqQI3mRrYkGC8rW2hM02jWuwjtL++LS5qinSyhj2QfLyNsuc+VsExg==",
            "engines": {
                "node": ">=10.0.0"
            }
        },
        "node_modules/styled-jsx": {
            "version": "5.1.1",
            "resolved": "https://registry.npmjs.org/styled-jsx/-/styled-jsx-5.1.1.tgz",
            "integrity": "sha512-pW7uC1l4mBZ8ugbiZrcIsiIvVx1UmTfw7UkC3Um2tmfUq9Bhk8IiyEIPl6F8agHgjzku6j0xQEZbfA5uSgSaCw==",
            "dependencies": {
                "client-only": "0.0.1"
            },
            "engines": {
                "node": ">= 12.0.0"
            },
            "peerDependencies": {
                "react": ">= 16.8.0 || 17.x.x || ^18.0.0-0"
            },
            "peerDependenciesMeta": {
                "@babel/core": {
                    "optional": true
                },
                "babel-plugin-macros": {
                    "optional": true
                }
            }
        },
        "node_modules/tabbable": {
            "version": "6.2.0",
            "resolved": "https://registry.npmjs.org/tabbable/-/tabbable-6.2.0.tgz",
            "integrity": "sha512-Cat63mxsVJlzYvN51JmVXIgNoUokrIaT2zLclCXjRd8boZ0004U4KCs/sToJ75C6sdlByWxpYnb5Boif1VSFew=="
        },
        "node_modules/tslib": {
            "version": "2.6.2",
            "resolved": "https://registry.npmjs.org/tslib/-/tslib-2.6.2.tgz",
            "integrity": "sha512-AEYxH93jGFPn/a2iVAwW87VuUIkR1FVUKB77NwMF7nBTDkDrrT/Hpt/IrCJ0QXhW27jTBDcf5ZY7w6RiqTMw2Q=="
        },
        "node_modules/type-fest": {
            "version": "3.13.1",
            "resolved": "https://registry.npmjs.org/type-fest/-/type-fest-3.13.1.tgz",
            "integrity": "sha512-tLq3bSNx+xSpwvAJnzrK0Ep5CLNWjvFTOp71URMaAEWBfRb9nnJiBoUe0tF8bI4ZFO3omgBR6NvnbzVUT3Ly4g==",
            "engines": {
                "node": ">=14.16"
            },
            "funding": {
                "url": "https://github.com/sponsors/sindresorhus"
            }
        },
        "node_modules/use-callback-ref": {
            "version": "1.3.0",
            "resolved": "https://registry.npmjs.org/use-callback-ref/-/use-callback-ref-1.3.0.tgz",
            "integrity": "sha512-3FT9PRuRdbB9HfXhEq35u4oZkvpJ5kuYbpqhCfmiZyReuRgpnhDlbr2ZEnnuS0RrJAPn6l23xjFg9kpDM+Ms7w==",
            "dependencies": {
                "tslib": "^2.0.0"
            },
            "engines": {
                "node": ">=10"
            },
            "peerDependencies": {
                "@types/react": "^16.8.0 || ^17.0.0 || ^18.0.0",
                "react": "^16.8.0 || ^17.0.0 || ^18.0.0"
            },
            "peerDependenciesMeta": {
                "@types/react": {
                    "optional": true
                }
            }
        },
        "node_modules/use-composed-ref": {
            "version": "1.3.0",
            "resolved": "https://registry.npmjs.org/use-composed-ref/-/use-composed-ref-1.3.0.tgz",
            "integrity": "sha512-GLMG0Jc/jiKov/3Ulid1wbv3r54K9HlMW29IWcDFPEqFkSO2nS0MuefWgMJpeHQ9YJeXDL3ZUF+P3jdXlZX/cQ==",
            "peerDependencies": {
                "react": "^16.8.0 || ^17.0.0 || ^18.0.0"
            }
        },
        "node_modules/use-isomorphic-layout-effect": {
            "version": "1.1.2",
            "resolved": "https://registry.npmjs.org/use-isomorphic-layout-effect/-/use-isomorphic-layout-effect-1.1.2.tgz",
            "integrity": "sha512-49L8yCO3iGT/ZF9QttjwLF/ZD9Iwto5LnH5LmEdk/6cFmXddqi2ulF0edxTwjj+7mqvpVVGQWvbXZdn32wRSHA==",
            "peerDependencies": {
                "react": "^16.8.0 || ^17.0.0 || ^18.0.0"
            },
            "peerDependenciesMeta": {
                "@types/react": {
                    "optional": true
                }
            }
        },
        "node_modules/use-latest": {
            "version": "1.2.1",
            "resolved": "https://registry.npmjs.org/use-latest/-/use-latest-1.2.1.tgz",
            "integrity": "sha512-xA+AVm/Wlg3e2P/JiItTziwS7FK92LWrDB0p+hgXloIMuVCeJJ8v6f0eeHyPZaJrM+usM1FkFfbNCrJGs8A/zw==",
            "dependencies": {
                "use-isomorphic-layout-effect": "^1.1.1"
            },
            "peerDependencies": {
                "react": "^16.8.0 || ^17.0.0 || ^18.0.0"
            },
            "peerDependenciesMeta": {
                "@types/react": {
                    "optional": true
                }
            }
        },
        "node_modules/use-sidecar": {
            "version": "1.1.2",
            "resolved": "https://registry.npmjs.org/use-sidecar/-/use-sidecar-1.1.2.tgz",
            "integrity": "sha512-epTbsLuzZ7lPClpz2TyryBfztm7m+28DlEv2ZCQ3MDr5ssiwyOwGH/e5F9CkfWjJ1t4clvI58yF822/GUkjjhw==",
            "dependencies": {
                "detect-node-es": "^1.1.0",
                "tslib": "^2.0.0"
            },
            "engines": {
                "node": ">=10"
            },
            "peerDependencies": {
                "@types/react": "^16.9.0 || ^17.0.0 || ^18.0.0",
                "react": "^16.8.0 || ^17.0.0 || ^18.0.0"
            },
            "peerDependenciesMeta": {
                "@types/react": {
                    "optional": true
                }
            }
        },
        "node_modules/watchpack": {
            "version": "2.4.0",
            "resolved": "https://registry.npmjs.org/watchpack/-/watchpack-2.4.0.tgz",
            "integrity": "sha512-Lcvm7MGST/4fup+ifyKi2hjyIAwcdI4HRgtvTpIUxBRhB+RFtUh8XtDOxUfctVCnhVi+QQj49i91OyvzkJl6cg==",
            "dependencies": {
                "glob-to-regexp": "^0.4.1",
                "graceful-fs": "^4.1.2"
            },
            "engines": {
                "node": ">=10.13.0"
            }
        },
        "node_modules/xml": {
            "version": "1.0.1",
            "resolved": "https://registry.npmjs.org/xml/-/xml-1.0.1.tgz",
            "integrity": "sha512-huCv9IH9Tcf95zuYCsQraZtWnJvBtLVE0QHMOs8bWyZAFZNDcYjsPq1nEx8jKA9y+Beo9v+7OBPRisQTjinQMw=="
        }
    }
}
